hash: 63191beae2e7b271726cad509cc4b1aaf28a46d88dcc720ff0ad6b3ea35fbffb
updated: 2018-03-30T02:30:22.6141736-03:00
imports:
- name: github.com/go-chi/chi
  version: e83ac2304db3c50cf03d96a2fcd39009d458bc35
  subpackages:
  - middleware
- name: github.com/go-chi/render
  version: 9f855fadd4b8cde7773f9ef51f6b2705af239519
- name: github.com/kelseyhightower/envconfig
  version: f611eb38b3875cc3bd991ca91c51d06446afa14c
- name: github.com/sirupsen/logrus
  version: c155da19408a8799da419ed3eeb0cb5db0ad5dbc
- name: github.com/subosito/gotenv
  version: 009e1f9581dc712aba5682a279dee155ca3eeded
- name: golang.org/x/crypto
  version: 88942b9c40a4c9d203b82b3731787b672d6e809b
  subpackages:
  - ssh/terminal
- name: golang.org/x/sys
  version: 91ee8cde435411ca3f1cd365e8f20131aed4d0a1
  subpackages:
  - unix
  - windows
testImports: []
